<?xml version="1.0" encoding="utf-8"?>
<Project ToolsVersion="4.0" xmlns="http://schemas.microsoft.com/developer/msbuild/2003">
  <ItemGroup>
    <ClCompile Include="CommunicationManager.cpp" />
    <ClCompile Include="main.cpp" />
    <ClCompile Include="ClientCommands\RobotMotorSpeedChangeCommand.cpp">
      <Filter>ClientCommands</Filter>
    </ClCompile>
    <ClCompile Include="DistrSimulation.cpp" />
    <ClCompile Include="Simulation\Math\MathLib.cpp">
      <Filter>Simulation\Math</Filter>
    </ClCompile>
    <ClCompile Include="Simulation\Math\Point.cpp">
      <Filter>Simulation\Math</Filter>
    </ClCompile>
    <ClCompile Include="Simulation\Entities\CircularEnt.cpp">
      <Filter>Simulation\Entities</Filter>
    </ClCompile>
    <ClCompile Include="Simulation\Entities\KheperaRobot.cpp">
      <Filter>Simulation\Entities</Filter>
    </ClCompile>
    <ClCompile Include="Simulation\Entities\LinearEnt.cpp">
      <Filter>Simulation\Entities</Filter>
    </ClCompile>
    <ClCompile Include="Simulation\Entities\RectangularEnt.cpp">
      <Filter>Simulation\Entities</Filter>
    </ClCompile>
    <ClCompile Include="Simulation\Entities\SimEnt.cpp">
      <Filter>Simulation\Entities</Filter>
    </ClCompile>
    <ClCompile Include="Simulation\Simulation.cpp">
      <Filter>Simulation</Filter>
    </ClCompile>
    <ClCompile Include="Simulation\Buffer.cpp">
      <Filter>Simulation</Filter>
    </ClCompile>
  </ItemGroup>
  <ItemGroup>
    <ClInclude Include="CommunicationManager.h" />
    <ClInclude Include="ClientCommands\ClientCommand.h">
      <Filter>ClientCommands</Filter>
    </ClInclude>
    <ClInclude Include="ClientCommands\RobotMotorSpeedChangeCommand.h">
      <Filter>ClientCommands</Filter>
    </ClInclude>
    <ClInclude Include="DistrSimulation.h" />
    <ClInclude Include="Simulation\Math\MathLib.h">
      <Filter>Simulation\Math</Filter>
    </ClInclude>
    <ClInclude Include="Simulation\Math\Point.h">
      <Filter>Simulation\Math</Filter>
    </ClInclude>
    <ClInclude Include="Simulation\Entities\CircularEnt.h">
      <Filter>Simulation\Entities</Filter>
    </ClInclude>
    <ClInclude Include="Simulation\Entities\KheperaRobot.h">
      <Filter>Simulation\Entities</Filter>
    </ClInclude>
    <ClInclude Include="Simulation\Entities\LinearEnt.h">
      <Filter>Simulation\Entities</Filter>
    </ClInclude>
    <ClInclude Include="Simulation\Entities\RectangularEnt.h">
      <Filter>Simulation\Entities</Filter>
    </ClInclude>
    <ClInclude Include="Simulation\Entities\SimEnt.h">
      <Filter>Simulation\Entities</Filter>
    </ClInclude>
    <ClInclude Include="Simulation\Simulation.h">
      <Filter>Simulation</Filter>
    </ClInclude>
    <ClInclude Include="Simulation\Buffer.h">
      <Filter>Simulation</Filter>
    </ClInclude>
  </ItemGroup>
  <ItemGroup>
    <Filter Include="ClientCommands">
      <UniqueIdentifier>{b84555e8-c477-4241-9dee-bcd9f08f108f}</UniqueIdentifier>
    </Filter>
    <Filter Include="Simulation">
      <UniqueIdentifier>{e5433a0c-0a75-43e4-ab44-29e0eb3b415d}</UniqueIdentifier>
    </Filter>
    <Filter Include="Simulation\Math">
      <UniqueIdentifier>{90e54676-5bc1-4d1c-be58-856948337cbf}</UniqueIdentifier>
    </Filter>
    <Filter Include="Simulation\Entities">
      <UniqueIdentifier>{395f3696-c15b-4189-84df-ee36903d991c}</UniqueIdentifier>
    </Filter>
  </ItemGroup>
</Project>