<?xml version="1.0" encoding="utf-8"?>
<Project ToolsVersion="4.0" xmlns="http://schemas.microsoft.com/developer/msbuild/2003">
  <ItemGroup>
    <ClCompile Include="Buffer.cpp" />
    <ClCompile Include="CircularEnt.cpp" />
    <ClCompile Include="CommunicationManager.cpp" />
    <ClCompile Include="KheperaRobot.cpp" />
    <ClCompile Include="main.cpp" />
    <ClCompile Include="Point.cpp" />
    <ClCompile Include="RectangularEnt.cpp" />
    <ClCompile Include="ClientCommands\RobotMotorSpeedChangeCommand.cpp">
      <Filter>ClientCommands</Filter>
    </ClCompile>
    <ClCompile Include="LinearEnt.cpp" />
    <ClCompile Include="MathLib.cpp" />
    <ClCompile Include="Simulation.cpp" />
    <ClCompile Include="SimEnt.cpp" />
  </ItemGroup>
  <ItemGroup>
    <ClInclude Include="Buffer.h" />
    <ClInclude Include="CircularEnt.h" />
    <ClInclude Include="CommunicationManager.h" />
    <ClInclude Include="KheperaRobot.h" />
    <ClInclude Include="Motor.h" />
    <ClInclude Include="Point.h" />
    <ClInclude Include="RectangularEnt.h" />
    <ClInclude Include="ClientCommands\ClientCommand.h">
      <Filter>ClientCommands</Filter>
    </ClInclude>
    <ClInclude Include="ClientCommands\RobotMotorSpeedChangeCommand.h">
      <Filter>ClientCommands</Filter>
    </ClInclude>
    <ClInclude Include="LinearEnt.h" />
    <ClInclude Include="MathLib.h" />
    <ClInclude Include="Simulation.h" />
    <ClInclude Include="SimEnt.h" />
  </ItemGroup>
  <ItemGroup>
    <Filter Include="ClientCommands">
      <UniqueIdentifier>{b84555e8-c477-4241-9dee-bcd9f08f108f}</UniqueIdentifier>
    </Filter>
  </ItemGroup>
</Project>